
Microsoft Visual Studio Solution File, Format Version 12.00
# Visual Studio Version 17
VisualStudioVersion = 17.3.32825.248
MinimumVisualStudioVersion = 10.0.40219.1
Project("{FAE04EC0-301F-11D3-BF4B-00C04F79EFBC}") = "PEMS", "PEMS.csproj", "{F80C0723-C1A2-4118-B89D-BD50B2A7B3D9}"
EndProject
Global
	GlobalSection(SolutionConfigurationPlatforms) = preSolution
		Debug|Any CPU = Debug|Any CPU
		Release|Any CPU = Release|Any CPU
	EndGlobalSection
	GlobalSection(ProjectConfigurationPlatforms) = postSolution
		{F80C0723-C1A2-4118-B89D-BD50B2A7B3D9}.Debug|Any CPU.ActiveCfg = Debug|Any CPU
		{F80C0723-C1A2-4118-B89D-BD50B2A7B3D9}.Debug|Any CPU.Build.0 = Debug|Any CPU
		{F80C0723-C1A2-4118-B89D-BD50B2A7B3D9}.Release|Any CPU.ActiveCfg = Release|Any CPU
		{F80C0723-C1A2-4118-B89D-BD50B2A7B3D9}.Release|Any CPU.Build.0 = Release|Any CPU
	EndGlobalSection
	GlobalSection(SolutionProperties) = preSolution
		HideSolutionNode = FALSE
	EndGlobalSection
	GlobalSection(ExtensibilityGlobals) = postSolution
		SolutionGuid = {433D2774-3058-493D-847D-FC1528FB105E}
	EndGlobalSection
EndGlobal
